// !$*UTF8*$!
{
	archiveVersion = 1;
	classes = {
	};
	objectVersion = 55;
	objects = {

/* Begin PBXBuildFile section */
		241EB59E285CDAD300F3FFA3 /* AppDelegate.swift in Sources */ = {isa = PBXBuildFile; fileRef = 241EB59D285CDAD300F3FFA3 /* AppDelegate.swift */; };
		241EB5A0285CDAD300F3FFA3 /* SceneDelegate.swift in Sources */ = {isa = PBXBuildFile; fileRef = 241EB59F285CDAD300F3FFA3 /* SceneDelegate.swift */; };
		241EB5A5285CDAD300F3FFA3 /* Main.storyboard in Resources */ = {isa = PBXBuildFile; fileRef = 241EB5A3285CDAD300F3FFA3 /* Main.storyboard */; };
		241EB5A7285CDAD500F3FFA3 /* Assets.xcassets in Resources */ = {isa = PBXBuildFile; fileRef = 241EB5A6285CDAD500F3FFA3 /* Assets.xcassets */; };
		241EB5AA285CDAD500F3FFA3 /* LaunchScreen.storyboard in Resources */ = {isa = PBXBuildFile; fileRef = 241EB5A8285CDAD500F3FFA3 /* LaunchScreen.storyboard */; };
		241EB5B4285CDAF600F3FFA3 /* CloudKit.framework in Frameworks */ = {isa = PBXBuildFile; fileRef = 241EB5B3285CDAF600F3FFA3 /* CloudKit.framework */; };
		241EB5B8285CE05800F3FFA3 /* ContactListTableViewController.swift in Sources */ = {isa = PBXBuildFile; fileRef = 241EB5B7285CE05700F3FFA3 /* ContactListTableViewController.swift */; };
		241EB5BA285CE07100F3FFA3 /* ContactDetailViewController.swift in Sources */ = {isa = PBXBuildFile; fileRef = 241EB5B9285CE07000F3FFA3 /* ContactDetailViewController.swift */; };
		241EB5BE285CE0E700F3FFA3 /* Contact.swift in Sources */ = {isa = PBXBuildFile; fileRef = 241EB5BD285CE0E700F3FFA3 /* Contact.swift */; };
		241EB5C1285CE10C00F3FFA3 /* ContactController.swift in Sources */ = {isa = PBXBuildFile; fileRef = 241EB5C0285CE10C00F3FFA3 /* ContactController.swift */; };
		241EB5C4285CEF2D00F3FFA3 /* ContactError.swift in Sources */ = {isa = PBXBuildFile; fileRef = 241EB5C3285CEF2D00F3FFA3 /* ContactError.swift */; };
		241EB5C6285CF7A400F3FFA3 /* Helpers + Extensions.swift in Sources */ = {isa = PBXBuildFile; fileRef = 241EB5C5285CF7A400F3FFA3 /* Helpers + Extensions.swift */; };
/* End PBXBuildFile section */

/* Begin PBXFileReference section */
		241EB59A285CDAD300F3FFA3 /* ContactList.app */ = {isa = PBXFileReference; explicitFileType = wrapper.application; includeInIndex = 0; path = ContactList.app; sourceTree = BUILT_PRODUCTS_DIR; };
		241EB59D285CDAD300F3FFA3 /* AppDelegate.swift */ = {isa = PBXFileReference; lastKnownFileType = sourcecode.swift; path = AppDelegate.swift; sourceTree = "<group>"; };
		241EB59F285CDAD300F3FFA3 /* SceneDelegate.swift */ = {isa = PBXFileReference; lastKnownFileType = sourcecode.swift; path = SceneDelegate.swift; sourceTree = "<group>"; };
		241EB5A4285CDAD300F3FFA3 /* Base */ = {isa = PBXFileReference; lastKnownFileType = file.storyboard; name = Base; path = Base.lproj/Main.storyboard; sourceTree = "<group>"; };
		241EB5A6285CDAD500F3FFA3 /* Assets.xcassets */ = {isa = PBXFileReference; lastKnownFileType = folder.assetcatalog; path = Assets.xcassets; sourceTree = "<group>"; };
		241EB5A9285CDAD500F3FFA3 /* Base */ = {isa = PBXFileReference; lastKnownFileType = file.storyboard; name = Base; path = Base.lproj/LaunchScreen.storyboard; sourceTree = "<group>"; };
		241EB5AB285CDAD500F3FFA3 /* Info.plist */ = {isa = PBXFileReference; lastKnownFileType = text.plist.xml; path = Info.plist; sourceTree = "<group>"; };
		241EB5B1285CDAF300F3FFA3 /* ContactList.entitlements */ = {isa = PBXFileReference; lastKnownFileType = text.plist.entitlements; path = ContactList.entitlements; sourceTree = "<group>"; };
		241EB5B3285CDAF600F3FFA3 /* CloudKit.framework */ = {isa = PBXFileReference; lastKnownFileType = wrapper.framework; name = CloudKit.framework; path = System/Library/Frameworks/CloudKit.framework; sourceTree = SDKROOT; };
		241EB5B7285CE05700F3FFA3 /* ContactListTableViewController.swift */ = {isa = PBXFileReference; lastKnownFileType = sourcecode.swift; path = ContactListTableViewController.swift; sourceTree = "<group>"; };
		241EB5B9285CE07000F3FFA3 /* ContactDetailViewController.swift */ = {isa = PBXFileReference; lastKnownFileType = sourcecode.swift; path = ContactDetailViewController.swift; sourceTree = "<group>"; };
		241EB5BD285CE0E700F3FFA3 /* Contact.swift */ = {isa = PBXFileReference; lastKnownFileType = sourcecode.swift; path = Contact.swift; sourceTree = "<group>"; };
		241EB5C0285CE10C00F3FFA3 /* ContactController.swift */ = {isa = PBXFileReference; lastKnownFileType = sourcecode.swift; path = ContactController.swift; sourceTree = "<group>"; };
		241EB5C3285CEF2D00F3FFA3 /* ContactError.swift */ = {isa = PBXFileReference; lastKnownFileType = sourcecode.swift; path = ContactError.swift; sourceTree = "<group>"; };
		241EB5C5285CF7A400F3FFA3 /* Helpers + Extensions.swift */ = {isa = PBXFileReference; lastKnownFileType = sourcecode.swift; path = "Helpers + Extensions.swift"; sourceTree = "<group>"; };
/* End PBXFileReference section */

/* Begin PBXFrameworksBuildPhase section */
		241EB597285CDAD300F3FFA3 /* Frameworks */ = {
			isa = PBXFrameworksBuildPhase;
			buildActionMask = 2147483647;
			files = (
				241EB5B4285CDAF600F3FFA3 /* CloudKit.framework in Frameworks */,
			);
			runOnlyForDeploymentPostprocessing = 0;
		};
/* End PBXFrameworksBuildPhase section */

/* Begin PBXGroup section */
		241EB591285CDAD300F3FFA3 = {
			isa = PBXGroup;
			children = (
				241EB59C285CDAD300F3FFA3 /* ContactList */,
				241EB59B285CDAD300F3FFA3 /* Products */,
				241EB5B2285CDAF600F3FFA3 /* Frameworks */,
			);
			sourceTree = "<group>";
		};
		241EB59B285CDAD300F3FFA3 /* Products */ = {
			isa = PBXGroup;
			children = (
				241EB59A285CDAD300F3FFA3 /* ContactList.app */,
			);
			name = Products;
			sourceTree = "<group>";
		};
		241EB59C285CDAD300F3FFA3 /* ContactList */ = {
			isa = PBXGroup;
			children = (
				241EB5B1285CDAF300F3FFA3 /* ContactList.entitlements */,
				241EB5B5285CDB2100F3FFA3 /* Resources */,
				241EB5B6285CDB2D00F3FFA3 /* View */,
				241EB5BB285CE07A00F3FFA3 /* Controllers */,
				241EB5BF285CE0EA00F3FFA3 /* Model */,
			);
			path = ContactList;
			sourceTree = "<group>";
		};
		241EB5B2285CDAF600F3FFA3 /* Frameworks */ = {
			isa = PBXGroup;
			children = (
				241EB5B3285CDAF600F3FFA3 /* CloudKit.framework */,
			);
			name = Frameworks;
			sourceTree = "<group>";
		};
		241EB5B5285CDB2100F3FFA3 /* Resources */ = {
			isa = PBXGroup;
			children = (
				241EB59D285CDAD300F3FFA3 /* AppDelegate.swift */,
				241EB59F285CDAD300F3FFA3 /* SceneDelegate.swift */,
				241EB5A6285CDAD500F3FFA3 /* Assets.xcassets */,
				241EB5A8285CDAD500F3FFA3 /* LaunchScreen.storyboard */,
				241EB5AB285CDAD500F3FFA3 /* Info.plist */,
				241EB5C5285CF7A400F3FFA3 /* Helpers + Extensions.swift */,
			);
			path = Resources;
			sourceTree = "<group>";
		};
		241EB5B6285CDB2D00F3FFA3 /* View */ = {
			isa = PBXGroup;
			children = (
				241EB5A3285CDAD300F3FFA3 /* Main.storyboard */,
			);
			path = View;
			sourceTree = "<group>";
		};
		241EB5BB285CE07A00F3FFA3 /* Controllers */ = {
			isa = PBXGroup;
			children = (
				241EB5BC285CE08200F3FFA3 /* ViewControllers */,
				241EB5C2285CE10F00F3FFA3 /* ModelControllers */,
			);
			path = Controllers;
			sourceTree = "<group>";
		};
		241EB5BC285CE08200F3FFA3 /* ViewControllers */ = {
			isa = PBXGroup;
			children = (
				241EB5B7285CE05700F3FFA3 /* ContactListTableViewController.swift */,
				241EB5B9285CE07000F3FFA3 /* ContactDetailViewController.swift */,
			);
			path = ViewControllers;
			sourceTree = "<group>";
		};
		241EB5BF285CE0EA00F3FFA3 /* Model */ = {
			isa = PBXGroup;
			children = (
				241EB5BD285CE0E700F3FFA3 /* Contact.swift */,
				241EB5C3285CEF2D00F3FFA3 /* ContactError.swift */,
			);
			path = Model;
			sourceTree = "<group>";
		};
		241EB5C2285CE10F00F3FFA3 /* ModelControllers */ = {
			isa = PBXGroup;
			children = (
				241EB5C0285CE10C00F3FFA3 /* ContactController.swift */,
			);
			path = ModelControllers;
			sourceTree = "<group>";
		};
/* End PBXGroup section */

/* Begin PBXNativeTarget section */
		241EB599285CDAD300F3FFA3 /* ContactList */ = {
			isa = PBXNativeTarget;
			buildConfigurationList = 241EB5AE285CDAD500F3FFA3 /* Build configuration list for PBXNativeTarget "ContactList" */;
			buildPhases = (
				241EB596285CDAD300F3FFA3 /* Sources */,
				241EB597285CDAD300F3FFA3 /* Frameworks */,
				241EB598285CDAD300F3FFA3 /* Resources */,
			);
			buildRules = (
			);
			dependencies = (
			);
			name = ContactList;
			productName = ContactList;
			productReference = 241EB59A285CDAD300F3FFA3 /* ContactList.app */;
			productType = "com.apple.product-type.application";
		};
/* End PBXNativeTarget section */

/* Begin PBXProject section */
		241EB592285CDAD300F3FFA3 /* Project object */ = {
			isa = PBXProject;
			attributes = {
				BuildIndependentTargetsInParallel = 1;
				LastSwiftUpdateCheck = 1340;
				LastUpgradeCheck = 1340;
				TargetAttributes = {
					241EB599285CDAD300F3FFA3 = {
						CreatedOnToolsVersion = 13.4.1;
					};
				};
			};
			buildConfigurationList = 241EB595285CDAD300F3FFA3 /* Build configuration list for PBXProject "ContactList" */;
			compatibilityVersion = "Xcode 13.0";
			developmentRegion = en;
			hasScannedForEncodings = 0;
			knownRegions = (
				en,
				Base,
			);
			mainGroup = 241EB591285CDAD300F3FFA3;
			productRefGroup = 241EB59B285CDAD300F3FFA3 /* Products */;
			projectDirPath = "";
			projectRoot = "";
			targets = (
				241EB599285CDAD300F3FFA3 /* ContactList */,
			);
		};
/* End PBXProject section */

/* Begin PBXResourcesBuildPhase section */
		241EB598285CDAD300F3FFA3 /* Resources */ = {
			isa = PBXResourcesBuildPhase;
			buildActionMask = 2147483647;
			files = (
				241EB5AA285CDAD500F3FFA3 /* LaunchScreen.storyboard in Resources */,
				241EB5A7285CDAD500F3FFA3 /* Assets.xcassets in Resources */,
				241EB5A5285CDAD300F3FFA3 /* Main.storyboard in Resources */,
			);
			runOnlyForDeploymentPostprocessing = 0;
		};
/* End PBXResourcesBuildPhase section */

/* Begin PBXSourcesBuildPhase section */
		241EB596285CDAD300F3FFA3 /* Sources */ = {
			isa = PBXSourcesBuildPhase;
			buildActionMask = 2147483647;
			files = (
				241EB5B8285CE05800F3FFA3 /* ContactListTableViewController.swift in Sources */,
				241EB59E285CDAD300F3FFA3 /* AppDelegate.swift in Sources */,
				241EB5C1285CE10C00F3FFA3 /* ContactController.swift in Sources */,
				241EB5C6285CF7A400F3FFA3 /* Helpers + Extensions.swift in Sources */,
				241EB5BE285CE0E700F3FFA3 /* Contact.swift in Sources */,
				241EB5BA285CE07100F3FFA3 /* ContactDetailViewController.swift in Sources */,
				241EB5C4285CEF2D00F3FFA3 /* ContactError.swift in Sources */,
				241EB5A0285CDAD300F3FFA3 /* SceneDelegate.swift in Sources */,
			);
			runOnlyForDeploymentPostprocessing = 0;
		};
/* End PBXSourcesBuildPhase section */

/* Begin PBXVariantGroup section */
		241EB5A3285CDAD300F3FFA3 /* Main.storyboard */ = {
			isa = PBXVariantGroup;
			children = (
				241EB5A4285CDAD300F3FFA3 /* Base */,
			);
			name = Main.storyboard;
			sourceTree = "<group>";
		};
		241EB5A8285CDAD500F3FFA3 /* LaunchScreen.storyboard */ = {
			isa = PBXVariantGroup;
			children = (
				241EB5A9285CDAD500F3FFA3 /* Base */,
			);
			name = LaunchScreen.storyboard;
			sourceTree = "<group>";
		};
/* End PBXVariantGroup section */

/* Begin XCBuildConfiguration section */
		241EB5AC285CDAD500F3FFA3 /* Debug */ = {
			isa = XCBuildConfiguration;
			buildSettings = {
				ALWAYS_SEARCH_USER_PATHS = NO;
				CLANG_ANALYZER_NONNULL = YES;
				CLANG_ANALYZER_NUMBER_OBJECT_CONVERSION = YES_AGGRESSIVE;
				CLANG_CXX_LANGUAGE_STANDARD = "gnu++17";
				CLANG_ENABLE_MODULES = YES;
				CLANG_ENABLE_OBJC_ARC = YES;
				CLANG_ENABLE_OBJC_WEAK = YES;
				CLANG_WARN_BLOCK_CAPTURE_AUTORELEASING = YES;
				CLANG_WARN_BOOL_CONVERSION = YES;
				CLANG_WARN_COMMA = YES;
				CLANG_WARN_CONSTANT_CONVERSION = YES;
				CLANG_WARN_DEPRECATED_OBJC_IMPLEMENTATIONS = YES;
				CLANG_WARN_DIRECT_OBJC_ISA_USAGE = YES_ERROR;
				CLANG_WARN_DOCUMENTATION_COMMENTS = YES;
				CLANG_WARN_EMPTY_BODY = YES;
				CLANG_WARN_ENUM_CONVERSION = YES;
				CLANG_WARN_INFINITE_RECURSION = YES;
				CLANG_WARN_INT_CONVERSION = YES;
				CLANG_WARN_NON_LITERAL_NULL_CONVERSION = YES;
				CLANG_WARN_OBJC_IMPLICIT_RETAIN_SELF = YES;
				CLANG_WARN_OBJC_LITERAL_CONVERSION = YES;
				CLANG_WARN_OBJC_ROOT_CLASS = YES_ERROR;
				CLANG_WARN_QUOTED_INCLUDE_IN_FRAMEWORK_HEADER = YES;
				CLANG_WARN_RANGE_LOOP_ANALYSIS = YES;
				CLANG_WARN_STRICT_PROTOTYPES = YES;
				CLANG_WARN_SUSPICIOUS_MOVE = YES;
				CLANG_WARN_UNGUARDED_AVAILABILITY = YES_AGGRESSIVE;
				CLANG_WARN_UNREACHABLE_CODE = YES;
				CLANG_WARN__DUPLICATE_METHOD_MATCH = YES;
				COPY_PHASE_STRIP = NO;
				DEBUG_INFORMATION_FORMAT = dwarf;
				ENABLE_STRICT_OBJC_MSGSEND = YES;
				ENABLE_TESTABILITY = YES;
				GCC_C_LANGUAGE_STANDARD = gnu11;
				GCC_DYNAMIC_NO_PIC = NO;
				GCC_NO_COMMON_BLOCKS = YES;
				GCC_OPTIMIZATION_LEVEL = 0;
				GCC_PREPROCESSOR_DEFINITIONS = (
					"DEBUG=1",
					"$(inherited)",
				);
				GCC_WARN_64_TO_32_BIT_CONVERSION = YES;
				GCC_WARN_ABOUT_RETURN_TYPE = YES_ERROR;
				GCC_WARN_UNDECLARED_SELECTOR = YES;
				GCC_WARN_UNINITIALIZED_AUTOS = YES_AGGRESSIVE;
				GCC_WARN_UNUSED_FUNCTION = YES;
				GCC_WARN_UNUSED_VARIABLE = YES;
				IPHONEOS_DEPLOYMENT_TARGET = 15.5;
				MTL_ENABLE_DEBUG_INFO = INCLUDE_SOURCE;
				MTL_FAST_MATH = YES;
				ONLY_ACTIVE_ARCH = YES;
				SDKROOT = iphoneos;
				SWIFT_ACTIVE_COMPILATION_CONDITIONS = DEBUG;
				SWIFT_OPTIMIZATION_LEVEL = "-Onone";
			};
			name = Debug;
		};
		241EB5AD285CDAD500F3FFA3 /* Release */ = {
			isa = XCBuildConfiguration;
			buildSettings = {
				ALWAYS_SEARCH_USER_PATHS = NO;
				CLANG_ANALYZER_NONNULL = YES;
				CLANG_ANALYZER_NUMBER_OBJECT_CONVERSION = YES_AGGRESSIVE;
				CLANG_CXX_LANGUAGE_STANDARD = "gnu++17";
				CLANG_ENABLE_MODULES = YES;
				CLANG_ENABLE_OBJC_ARC = YES;
				CLANG_ENABLE_OBJC_WEAK = YES;
				CLANG_WARN_BLOCK_CAPTURE_AUTORELEASING = YES;
				CLANG_WARN_BOOL_CONVERSION = YES;
				CLANG_WARN_COMMA = YES;
				CLANG_WARN_CONSTANT_CONVERSION = YES;
				CLANG_WARN_DEPRECATED_OBJC_IMPLEMENTATIONS = YES;
				CLANG_WARN_DIRECT_OBJC_ISA_USAGE = YES_ERROR;
				CLANG_WARN_DOCUMENTATION_COMMENTS = YES;
				CLANG_WARN_EMPTY_BODY = YES;
				CLANG_WARN_ENUM_CONVERSION = YES;
				CLANG_WARN_INFINITE_RECURSION = YES;
				CLANG_WARN_INT_CONVERSION = YES;
				CLANG_WARN_NON_LITERAL_NULL_CONVERSION = YES;
				CLANG_WARN_OBJC_IMPLICIT_RETAIN_SELF = YES;
				CLANG_WARN_OBJC_LITERAL_CONVERSION = YES;
				CLANG_WARN_OBJC_ROOT_CLASS = YES_ERROR;
				CLANG_WARN_QUOTED_INCLUDE_IN_FRAMEWORK_HEADER = YES;
				CLANG_WARN_RANGE_LOOP_ANALYSIS = YES;
				CLANG_WARN_STRICT_PROTOTYPES = YES;
				CLANG_WARN_SUSPICIOUS_MOVE = YES;
				CLANG_WARN_UNGUARDED_AVAILABILITY = YES_AGGRESSIVE;
				CLANG_WARN_UNREACHABLE_CODE = YES;
				CLANG_WARN__DUPLICATE_METHOD_MATCH = YES;
				COPY_PHASE_STRIP = NO;
				DEBUG_INFORMATION_FORMAT = "dwarf-with-dsym";
				ENABLE_NS_ASSERTIONS = NO;
				ENABLE_STRICT_OBJC_MSGSEND = YES;
				GCC_C_LANGUAGE_STANDARD = gnu11;
				GCC_NO_COMMON_BLOCKS = YES;
				GCC_WARN_64_TO_32_BIT_CONVERSION = YES;
				GCC_WARN_ABOUT_RETURN_TYPE = YES_ERROR;
				GCC_WARN_UNDECLARED_SELECTOR = YES;
				GCC_WARN_UNINITIALIZED_AUTOS = YES_AGGRESSIVE;
				GCC_WARN_UNUSED_FUNCTION = YES;
				GCC_WARN_UNUSED_VARIABLE = YES;
				IPHONEOS_DEPLOYMENT_TARGET = 15.5;
				MTL_ENABLE_DEBUG_INFO = NO;
				MTL_FAST_MATH = YES;
				SDKROOT = iphoneos;
				SWIFT_COMPILATION_MODE = wholemodule;
				SWIFT_OPTIMIZATION_LEVEL = "-O";
				VALIDATE_PRODUCT = YES;
			};
			name = Release;
		};
		241EB5AF285CDAD500F3FFA3 /* Debug */ = {
			isa = XCBuildConfiguration;
			buildSettings = {
				ASSETCATALOG_COMPILER_APPICON_NAME = AppIcon;
				ASSETCATALOG_COMPILER_GLOBAL_ACCENT_COLOR_NAME = AccentColor;
				CODE_SIGN_ENTITLEMENTS = ContactList/ContactList.entitlements;
				CODE_SIGN_STYLE = Automatic;
				CURRENT_PROJECT_VERSION = 1;
				DEVELOPMENT_TEAM = X39HH6F75Z;
				GENERATE_INFOPLIST_FILE = YES;
				INFOPLIST_FILE = ContactList/Resources/Info.plist;
				INFOPLIST_KEY_UIApplicationSupportsIndirectInputEvents = YES;
				INFOPLIST_KEY_UILaunchStoryboardName = LaunchScreen;
				INFOPLIST_KEY_UIMainStoryboardFile = Main;
				INFOPLIST_KEY_UISupportedInterfaceOrientations_iPad = "UIInterfaceOrientationPortrait UIInterfaceOrientationPortraitUpsideDown UIInterfaceOrientationLandscapeLeft UIInterfaceOrientationLandscapeRight";
				INFOPLIST_KEY_UISupportedInterfaceOrientations_iPhone = "UIInterfaceOrientationPortrait UIInterfaceOrientationLandscapeLeft UIInterfaceOrientationLandscapeRight";
				LD_RUNPATH_SEARCH_PATHS = (
					"$(inherited)",
					"@executable_path/Frameworks",
				);
				MARKETING_VERSION = 1.0;
				PRODUCT_BUNDLE_IDENTIFIER = com.CurtMcCune.ContactList;
				PRODUCT_NAME = "$(TARGET_NAME)";
				SWIFT_EMIT_LOC_STRINGS = YES;
				SWIFT_VERSION = 5.0;
				TARGETED_DEVICE_FAMILY = "1,2";
			};
			name = Debug;
		};
		241EB5B0285CDAD500F3FFA3 /* Release */ = {
			isa = XCBuildConfiguration;
			buildSettings = {
				ASSETCATALOG_COMPILER_APPICON_NAME = AppIcon;
				ASSETCATALOG_COMPILER_GLOBAL_ACCENT_COLOR_NAME = AccentColor;
				CODE_SIGN_ENTITLEMENTS = ContactList/ContactList.entitlements;
				CODE_SIGN_STYLE = Automatic;
				CURRENT_PROJECT_VERSION = 1;
				DEVELOPMENT_TEAM = X39HH6F75Z;
				GENERATE_INFOPLIST_FILE = YES;
				INFOPLIST_FILE = ContactList/Resources/Info.plist;
				INFOPLIST_KEY_UIApplicationSupportsIndirectInputEvents = YES;
				INFOPLIST_KEY_UILaunchStoryboardName = LaunchScreen;
				INFOPLIST_KEY_UIMainStoryboardFile = Main;
				INFOPLIST_KEY_UISupportedInterfaceOrientations_iPad = "UIInterfaceOrientationPortrait UIInterfaceOrientationPortraitUpsideDown UIInterfaceOrientationLandscapeLeft UIInterfaceOrientationLandscapeRight";
				INFOPLIST_KEY_UISupportedInterfaceOrientations_iPhone = "UIInterfaceOrientationPortrait UIInterfaceOrientationLandscapeLeft UIInterfaceOrientationLandscapeRight";
				LD_RUNPATH_SEARCH_PATHS = (
					"$(inherited)",
					"@executable_path/Frameworks",
				);
				MARKETING_VERSION = 1.0;
				PRODUCT_BUNDLE_IDENTIFIER = com.CurtMcCune.ContactList;
				PRODUCT_NAME = "$(TARGET_NAME)";
				SWIFT_EMIT_LOC_STRINGS = YES;
				SWIFT_VERSION = 5.0;
				TARGETED_DEVICE_FAMILY = "1,2";
			};
			name = Release;
		};
/* End XCBuildConfiguration section */

/* Begin XCConfigurationList section */
		241EB595285CDAD300F3FFA3 /* Build configuration list for PBXProject "ContactList" */ = {
			isa = XCConfigurationList;
			buildConfigurations = (
				241EB5AC285CDAD500F3FFA3 /* Debug */,
				241EB5AD285CDAD500F3FFA3 /* Release */,
			);
			defaultConfigurationIsVisible = 0;
			defaultConfigurationName = Release;
		};
		241EB5AE285CDAD500F3FFA3 /* Build configuration list for PBXNativeTarget "ContactList" */ = {
			isa = XCConfigurationList;
			buildConfigurations = (
				241EB5AF285CDAD500F3FFA3 /* Debug */,
				241EB5B0285CDAD500F3FFA3 /* Release */,
			);
			defaultConfigurationIsVisible = 0;
			defaultConfigurationName = Release;
		};
/* End XCConfigurationList section */
	};
	rootObject = 241EB592285CDAD300F3FFA3 /* Project object */;
}
